{
  "originHash" : "dd11834586e321126a33370ed6e10d6cf46a88e8b9b37a05f4c9be3d9246beab",
  "pins" : [
    {
      "identity" : "open-meteo",
      "kind" : "remoteSourceControl",
      "location" : "https://github.com/open-meteo/open-meteo",
      "state" : {
        "revision" : "a2034f8b45f53d3b8e1b85784716d0a4c62ff1d8",
        "version" : "1.5.1"
      }
    },
    {
      "identity" : "openmeteoswift",
      "kind" : "remoteSourceControl",
      "location" : "https://github.com/LeoSM-07/OpenMeteoSwift",
      "state" : {
        "branch" : "main",
        "revision" : "68eee92b6ec5ef4b5b03879d38e74d054877300b"
      }
    }
  ],
  "version" : 3
}
